%{"exprotobuf": {:hex, :exprotobuf, "1.2.5", "fe398cc73bca7ab3cbd1c5d2c02eb69ff089d7af0927f88d15c135b105aa00b3", [:mix], [{:gpb, "~> 3.24", [hex: :gpb, optional: false]}]},
  "gpb": {:hex, :gpb, "3.26.6", "cd0b7e29d896bc7650ccbc4b6681db6cbec7a9c6d8a3d5e0e8b9bee454377597", [:make, :rebar], []},
  "kafka_ex": {:hex, :kafka_ex, "0.6.3", "26b9685b6a209fca8c861167b8d55e1d7943028f9c09661354e9a3be4e76d689", [:mix], []}}
